
Microsoft Visual Studio Solution File, Format Version 12.00
# Visual Studio Version 16
VisualStudioVersion = 16.0.30114.105
MinimumVisualStudioVersion = 10.0.40219.1
Project("{FAE04EC0-301F-11D3-BF4B-00C04F79EFBC}") = "PrimeService", "PrimeService\PrimeService.csproj", "{5EB53A77-06E3-4CD6-8A5C-7D8414ED65CE}"
EndProject
Project("{FAE04EC0-301F-11D3-BF4B-00C04F79EFBC}") = "PrimeService.Tests", "PrimeService.Tests\PrimeService.Tests.csproj", "{43E2B92D-7148-412D-BB49-7CF95A117286}"
EndProject
Global
	GlobalSection(SolutionConfigurationPlatforms) = preSolution
		Debug|Any CPU = Debug|Any CPU
		Release|Any CPU = Release|Any CPU
	EndGlobalSection
	GlobalSection(SolutionProperties) = preSolution
		HideSolutionNode = FALSE
	EndGlobalSection
	GlobalSection(ProjectConfigurationPlatforms) = postSolution
		{5EB53A77-06E3-4CD6-8A5C-7D8414ED65CE}.Debug|Any CPU.ActiveCfg = Debug|Any CPU
		{5EB53A77-06E3-4CD6-8A5C-7D8414ED65CE}.Debug|Any CPU.Build.0 = Debug|Any CPU
		{5EB53A77-06E3-4CD6-8A5C-7D8414ED65CE}.Release|Any CPU.ActiveCfg = Release|Any CPU
		{5EB53A77-06E3-4CD6-8A5C-7D8414ED65CE}.Release|Any CPU.Build.0 = Release|Any CPU
		{43E2B92D-7148-412D-BB49-7CF95A117286}.Debug|Any CPU.ActiveCfg = Debug|Any CPU
		{43E2B92D-7148-412D-BB49-7CF95A117286}.Debug|Any CPU.Build.0 = Debug|Any CPU
		{43E2B92D-7148-412D-BB49-7CF95A117286}.Release|Any CPU.ActiveCfg = Release|Any CPU
		{43E2B92D-7148-412D-BB49-7CF95A117286}.Release|Any CPU.Build.0 = Release|Any CPU
	EndGlobalSection
EndGlobal
